
Microsoft Visual Studio Solution File, Format Version 12.00
# Visual Studio 15
Project("{FAE04EC0-301F-11D3-BF4B-00C04F79EFBC}") = "funwithlinq", "funwithlinq.csproj", "{94930139-3DB3-4630-BE60-DD0C5996149D}"
EndProject
Global
	GlobalSection(SolutionConfigurationPlatforms) = preSolution
		Debug|Any CPU = Debug|Any CPU
		Release|Any CPU = Release|Any CPU
	EndGlobalSection
	GlobalSection(ProjectConfigurationPlatforms) = postSolution
		{94930139-3DB3-4630-BE60-DD0C5996149D}.Debug|Any CPU.ActiveCfg = Debug|Any CPU
		{94930139-3DB3-4630-BE60-DD0C5996149D}.Debug|Any CPU.Build.0 = Debug|Any CPU
		{94930139-3DB3-4630-BE60-DD0C5996149D}.Release|Any CPU.ActiveCfg = Release|Any CPU
		{94930139-3DB3-4630-BE60-DD0C5996149D}.Release|Any CPU.Build.0 = Release|Any CPU
	EndGlobalSection
EndGlobal
